# This file is autogenerated, do not edit; changes may be undone by the next 'dep ensure'.


[[projects]]
  branch = "master"
  name = "github.com/haya14busa/errorformat"
  packages = ["."]
  revision = "793e2bf5248a576ef25094e00b41dc021cca0550"

[[projects]]
  branch = "master"
  name = "github.com/sergi/go-diff"
  packages = ["diffmatchpatch"]
  revision = "1744e2970ca51c86172c8190fadad617561ed6e7"

[solve-meta]
  analyzer-name = "dep"
  analyzer-version = 1
  inputs-digest = "6e67fa963a61ead55a9860bc761b859051b9041aa4f8e10746ad1dfb367c2447"
  solver-name = "gps-cdcl"
  solver-version = 1
